
Microsoft Visual Studio Solution File, Format Version 12.00
# Visual Studio Version 17
VisualStudioVersion = 17.11.35312.102
MinimumVisualStudioVersion = 10.0.40219.1
Project("{FAE04EC0-301F-11D3-BF4B-00C04F79EFBC}") = "ChatAPI", "ChatAPI\ChatAPI.csproj", "{CA49D6D9-B27C-46B1-AFC8-D9DA1A9D6BE4}"
EndProject
Global
	GlobalSection(SolutionConfigurationPlatforms) = preSolution
		Debug|Any CPU = Debug|Any CPU
		Release|Any CPU = Release|Any CPU
	EndGlobalSection
	GlobalSection(ProjectConfigurationPlatforms) = postSolution
		{CA49D6D9-B27C-46B1-AFC8-D9DA1A9D6BE4}.Debug|Any CPU.ActiveCfg = Debug|Any CPU
		{CA49D6D9-B27C-46B1-AFC8-D9DA1A9D6BE4}.Debug|Any CPU.Build.0 = Debug|Any CPU
		{CA49D6D9-B27C-46B1-AFC8-D9DA1A9D6BE4}.Release|Any CPU.ActiveCfg = Release|Any CPU
		{CA49D6D9-B27C-46B1-AFC8-D9DA1A9D6BE4}.Release|Any CPU.Build.0 = Release|Any CPU
	EndGlobalSection
	GlobalSection(SolutionProperties) = preSolution
		HideSolutionNode = FALSE
	EndGlobalSection
	GlobalSection(ExtensibilityGlobals) = postSolution
		SolutionGuid = {2CA48F96-4F88-4CCF-8777-4DC7691427D5}
	EndGlobalSection
EndGlobal
